
Microsoft Visual Studio Solution File, Format Version 12.00
# Visual Studio Version 17
VisualStudioVersion = 17.10.34916.146
MinimumVisualStudioVersion = 10.0.40219.1
Project("{FAE04EC0-301F-11D3-BF4B-00C04F79EFBC}") = "customer-registration", "customer-registration.csproj", "{6F6C595D-A9E4-45F9-ACF5-859B6C33AA0B}"
EndProject
Global
	GlobalSection(SolutionConfigurationPlatforms) = preSolution
		Debug|Any CPU = Debug|Any CPU
		Release|Any CPU = Release|Any CPU
	EndGlobalSection
	GlobalSection(ProjectConfigurationPlatforms) = postSolution
		{6F6C595D-A9E4-45F9-ACF5-859B6C33AA0B}.Debug|Any CPU.ActiveCfg = Debug|Any CPU
		{6F6C595D-A9E4-45F9-ACF5-859B6C33AA0B}.Debug|Any CPU.Build.0 = Debug|Any CPU
		{6F6C595D-A9E4-45F9-ACF5-859B6C33AA0B}.Release|Any CPU.ActiveCfg = Release|Any CPU
		{6F6C595D-A9E4-45F9-ACF5-859B6C33AA0B}.Release|Any CPU.Build.0 = Release|Any CPU
	EndGlobalSection
	GlobalSection(SolutionProperties) = preSolution
		HideSolutionNode = FALSE
	EndGlobalSection
	GlobalSection(ExtensibilityGlobals) = postSolution
		SolutionGuid = {913CFA87-45C9-4453-BFE1-DD44E5963212}
	EndGlobalSection
EndGlobal
